// !$*UTF8*$!
{
	archiveVersion = 1;
	classes = {
	};
	objectVersion = 46;
	objects = {

/* Begin PBXBuildFile section */
		F346A26B16D3F7350079A959 /* FRGLoginViewController.m in Sources */ = {isa = PBXBuildFile; fileRef = F346A26A16D3F7350079A959 /* FRGLoginViewController.m */; };
		F35461FB16D6919F00CEB191 /* FBDataController.m in Sources */ = {isa = PBXBuildFile; fileRef = F35461FA16D6919F00CEB191 /* FBDataController.m */; };
		F35461FF16D6945400CEB191 /* FRGLoggedInBaseViewController.m in Sources */ = {isa = PBXBuildFile; fileRef = F35461FE16D6945400CEB191 /* FRGLoggedInBaseViewController.m */; };
		F354620716DD170800CEB191 /* GameWindow.m in Sources */ = {isa = PBXBuildFile; fileRef = F354620616DD170800CEB191 /* GameWindow.m */; };
		F38E007D16FCEAEA005345B1 /* FRGgameWindowWithTables.m in Sources */ = {isa = PBXBuildFile; fileRef = F38E007C16FCEAEA005345B1 /* FRGgameWindowWithTables.m */; };
		F38E008016FCF847005345B1 /* SelectionTableViewController.m in Sources */ = {isa = PBXBuildFile; fileRef = F38E007F16FCF847005345B1 /* SelectionTableViewController.m */; };
		F3B30C4B16C2E8360020452A /* UIKit.framework in Frameworks */ = {isa = PBXBuildFile; fileRef = F3B30C4A16C2E8360020452A /* UIKit.framework */; };
		F3B30C4D16C2E8360020452A /* Foundation.framework in Frameworks */ = {isa = PBXBuildFile; fileRef = F3B30C4C16C2E8360020452A /* Foundation.framework */; };
		F3B30C4F16C2E8360020452A /* CoreGraphics.framework in Frameworks */ = {isa = PBXBuildFile; fileRef = F3B30C4E16C2E8360020452A /* CoreGraphics.framework */; };
		F3B30C5516C2E8360020452A /* InfoPlist.strings in Resources */ = {isa = PBXBuildFile; fileRef = F3B30C5316C2E8360020452A /* InfoPlist.strings */; };
		F3B30C5716C2E8360020452A /* main.m in Sources */ = {isa = PBXBuildFile; fileRef = F3B30C5616C2E8360020452A /* main.m */; };
		F3B30C5B16C2E8360020452A /* FriendRecognitionGameAppDelegate.m in Sources */ = {isa = PBXBuildFile; fileRef = F3B30C5A16C2E8360020452A /* FriendRecognitionGameAppDelegate.m */; };
		F3B30C5D16C2E8360020452A /* Default.png in Resources */ = {isa = PBXBuildFile; fileRef = F3B30C5C16C2E8360020452A /* Default.png */; };
		F3B30C5F16C2E8360020452A /* Default@2x.png in Resources */ = {isa = PBXBuildFile; fileRef = F3B30C5E16C2E8360020452A /* Default@2x.png */; };
		F3B30C6116C2E8360020452A /* Default-568h@2x.png in Resources */ = {isa = PBXBuildFile; fileRef = F3B30C6016C2E8360020452A /* Default-568h@2x.png */; };
		F3B30C6416C2E8360020452A /* MainStoryboard.storyboard in Resources */ = {isa = PBXBuildFile; fileRef = F3B30C6216C2E8360020452A /* MainStoryboard.storyboard */; };
		F3CDEC0816CAB0FE00934E00 /* FacebookSDK.framework in Frameworks */ = {isa = PBXBuildFile; fileRef = F3CDEC0716CAB0FE00934E00 /* FacebookSDK.framework */; };
		F3CDEC0B16CAB15600934E00 /* FacebookSDKResources.bundle in Resources */ = {isa = PBXBuildFile; fileRef = F3CDEC0916CAB15600934E00 /* FacebookSDKResources.bundle */; };
		F3CDEC0C16CAB15600934E00 /* FBUserSettingsViewResources.bundle in Resources */ = {isa = PBXBuildFile; fileRef = F3CDEC0A16CAB15600934E00 /* FBUserSettingsViewResources.bundle */; };
		F3CDEC1016CAB1A900934E00 /* Accounts.framework in Frameworks */ = {isa = PBXBuildFile; fileRef = F3CDEC0D16CAB1A900934E00 /* Accounts.framework */; settings = {ATTRIBUTES = (Weak, ); }; };
		F3CDEC1116CAB1A900934E00 /* AdSupport.framework in Frameworks */ = {isa = PBXBuildFile; fileRef = F3CDEC0E16CAB1A900934E00 /* AdSupport.framework */; settings = {ATTRIBUTES = (Weak, ); }; };
		F3CDEC1216CAB1A900934E00 /* Social.framework in Frameworks */ = {isa = PBXBuildFile; fileRef = F3CDEC0F16CAB1A900934E00 /* Social.framework */; settings = {ATTRIBUTES = (Weak, ); }; };
		F3E40D6316FB5DAD00FBAE84 /* ResultsObj.m in Sources */ = {isa = PBXBuildFile; fileRef = F3E40D6216FB5DAD00FBAE84 /* ResultsObj.m */; };
/* End PBXBuildFile section */

/* Begin PBXFileReference section */
		F346A26916D3F7350079A959 /* FRGLoginViewController.h */ = {isa = PBXFileReference; fileEncoding = 4; lastKnownFileType = sourcecode.c.h; path = FRGLoginViewController.h; sourceTree = "<group>"; };
		F346A26A16D3F7350079A959 /* FRGLoginViewController.m */ = {isa = PBXFileReference; fileEncoding = 4; lastKnownFileType = sourcecode.c.objc; path = FRGLoginViewController.m; sourceTree = "<group>"; };
		F35461F916D6919F00CEB191 /* FBDataController.h */ = {isa = PBXFileReference; fileEncoding = 4; lastKnownFileType = sourcecode.c.h; path = FBDataController.h; sourceTree = "<group>"; };
		F35461FA16D6919F00CEB191 /* FBDataController.m */ = {isa = PBXFileReference; fileEncoding = 4; lastKnownFileType = sourcecode.c.objc; path = FBDataController.m; sourceTree = "<group>"; };
		F35461FD16D6945400CEB191 /* FRGLoggedInBaseViewController.h */ = {isa = PBXFileReference; fileEncoding = 4; lastKnownFileType = sourcecode.c.h; path = FRGLoggedInBaseViewController.h; sourceTree = "<group>"; };
		F35461FE16D6945400CEB191 /* FRGLoggedInBaseViewController.m */ = {isa = PBXFileReference; fileEncoding = 4; lastKnownFileType = sourcecode.c.objc; path = FRGLoggedInBaseViewController.m; sourceTree = "<group>"; };
		F354620516DD170800CEB191 /* GameWindow.h */ = {isa = PBXFileReference; fileEncoding = 4; lastKnownFileType = sourcecode.c.h; path = GameWindow.h; sourceTree = "<group>"; };
		F354620616DD170800CEB191 /* GameWindow.m */ = {isa = PBXFileReference; fileEncoding = 4; lastKnownFileType = sourcecode.c.objc; path = GameWindow.m; sourceTree = "<group>"; };
		F38E007B16FCEAEA005345B1 /* FRGgameWindowWithTables.h */ = {isa = PBXFileReference; fileEncoding = 4; lastKnownFileType = sourcecode.c.h; path = FRGgameWindowWithTables.h; sourceTree = "<group>"; };
		F38E007C16FCEAEA005345B1 /* FRGgameWindowWithTables.m */ = {isa = PBXFileReference; fileEncoding = 4; lastKnownFileType = sourcecode.c.objc; path = FRGgameWindowWithTables.m; sourceTree = "<group>"; };
		F38E007E16FCF847005345B1 /* SelectionTableViewController.h */ = {isa = PBXFileReference; fileEncoding = 4; lastKnownFileType = sourcecode.c.h; path = SelectionTableViewController.h; sourceTree = "<group>"; };
		F38E007F16FCF847005345B1 /* SelectionTableViewController.m */ = {isa = PBXFileReference; fileEncoding = 4; lastKnownFileType = sourcecode.c.objc; path = SelectionTableViewController.m; sourceTree = "<group>"; };
		F3B30C4616C2E8360020452A /* friendRecognitionGame.app */ = {isa = PBXFileReference; explicitFileType = wrapper.application; includeInIndex = 0; path = friendRecognitionGame.app; sourceTree = BUILT_PRODUCTS_DIR; };
		F3B30C4A16C2E8360020452A /* UIKit.framework */ = {isa = PBXFileReference; lastKnownFileType = wrapper.framework; name = UIKit.framework; path = System/Library/Frameworks/UIKit.framework; sourceTree = SDKROOT; };
		F3B30C4C16C2E8360020452A /* Foundation.framework */ = {isa = PBXFileReference; lastKnownFileType = wrapper.framework; name = Foundation.framework; path = System/Library/Frameworks/Foundation.framework; sourceTree = SDKROOT; };
		F3B30C4E16C2E8360020452A /* CoreGraphics.framework */ = {isa = PBXFileReference; lastKnownFileType = wrapper.framework; name = CoreGraphics.framework; path = System/Library/Frameworks/CoreGraphics.framework; sourceTree = SDKROOT; };
		F3B30C5216C2E8360020452A /* friendRecognitionGame-Info.plist */ = {isa = PBXFileReference; lastKnownFileType = text.plist.xml; path = "friendRecognitionGame-Info.plist"; sourceTree = "<group>"; };
		F3B30C5416C2E8360020452A /* en */ = {isa = PBXFileReference; lastKnownFileType = text.plist.strings; name = en; path = en.lproj/InfoPlist.strings; sourceTree = "<group>"; };
		F3B30C5616C2E8360020452A /* main.m */ = {isa = PBXFileReference; lastKnownFileType = sourcecode.c.objc; path = main.m; sourceTree = "<group>"; };
		F3B30C5816C2E8360020452A /* friendRecognitionGame-Prefix.pch */ = {isa = PBXFileReference; lastKnownFileType = sourcecode.c.h; path = "friendRecognitionGame-Prefix.pch"; sourceTree = "<group>"; };
		F3B30C5916C2E8360020452A /* FriendRecognitionGameAppDelegate.h */ = {isa = PBXFileReference; lastKnownFileType = sourcecode.c.h; path = FriendRecognitionGameAppDelegate.h; sourceTree = "<group>"; };
		F3B30C5A16C2E8360020452A /* FriendRecognitionGameAppDelegate.m */ = {isa = PBXFileReference; lastKnownFileType = sourcecode.c.objc; path = FriendRecognitionGameAppDelegate.m; sourceTree = "<group>"; };
		F3B30C5C16C2E8360020452A /* Default.png */ = {isa = PBXFileReference; lastKnownFileType = image.png; path = Default.png; sourceTree = "<group>"; };
		F3B30C5E16C2E8360020452A /* Default@2x.png */ = {isa = PBXFileReference; lastKnownFileType = image.png; path = "Default@2x.png"; sourceTree = "<group>"; };
		F3B30C6016C2E8360020452A /* Default-568h@2x.png */ = {isa = PBXFileReference; lastKnownFileType = image.png; path = "Default-568h@2x.png"; sourceTree = "<group>"; };
		F3B30C6316C2E8360020452A /* en */ = {isa = PBXFileReference; lastKnownFileType = file.storyboard; name = en; path = en.lproj/MainStoryboard.storyboard; sourceTree = "<group>"; };
		F3CDEC0716CAB0FE00934E00 /* FacebookSDK.framework */ = {isa = PBXFileReference; lastKnownFileType = wrapper.framework; name = FacebookSDK.framework; path = ../../../Documents/FacebookSDK/FacebookSDK.framework; sourceTree = "<group>"; };
		F3CDEC0916CAB15600934E00 /* FacebookSDKResources.bundle */ = {isa = PBXFileReference; lastKnownFileType = "wrapper.plug-in"; name = FacebookSDKResources.bundle; path = ../../../Documents/FacebookSDK/FacebookSDK.framework/Versions/A/Resources/FacebookSDKResources.bundle; sourceTree = "<group>"; };
		F3CDEC0A16CAB15600934E00 /* FBUserSettingsViewResources.bundle */ = {isa = PBXFileReference; lastKnownFileType = "wrapper.plug-in"; name = FBUserSettingsViewResources.bundle; path = ../../../Documents/FacebookSDK/FacebookSDK.framework/Versions/A/Resources/FBUserSettingsViewResources.bundle; sourceTree = "<group>"; };
		F3CDEC0D16CAB1A900934E00 /* Accounts.framework */ = {isa = PBXFileReference; lastKnownFileType = wrapper.framework; name = Accounts.framework; path = System/Library/Frameworks/Accounts.framework; sourceTree = SDKROOT; };
		F3CDEC0E16CAB1A900934E00 /* AdSupport.framework */ = {isa = PBXFileReference; lastKnownFileType = wrapper.framework; name = AdSupport.framework; path = System/Library/Frameworks/AdSupport.framework; sourceTree = SDKROOT; };
		F3CDEC0F16CAB1A900934E00 /* Social.framework */ = {isa = PBXFileReference; lastKnownFileType = wrapper.framework; name = Social.framework; path = System/Library/Frameworks/Social.framework; sourceTree = SDKROOT; };
		F3E40D6116FB5DAD00FBAE84 /* ResultsObj.h */ = {isa = PBXFileReference; fileEncoding = 4; lastKnownFileType = sourcecode.c.h; path = ResultsObj.h; sourceTree = "<group>"; };
		F3E40D6216FB5DAD00FBAE84 /* ResultsObj.m */ = {isa = PBXFileReference; fileEncoding = 4; lastKnownFileType = sourcecode.c.objc; path = ResultsObj.m; sourceTree = "<group>"; };
/* End PBXFileReference section */

/* Begin PBXFrameworksBuildPhase section */
		F3B30C4316C2E8360020452A /* Frameworks */ = {
			isa = PBXFrameworksBuildPhase;
			buildActionMask = 2147483647;
			files = (
				F3CDEC1016CAB1A900934E00 /* Accounts.framework in Frameworks */,
				F3CDEC1116CAB1A900934E00 /* AdSupport.framework in Frameworks */,
				F3CDEC1216CAB1A900934E00 /* Social.framework in Frameworks */,
				F3B30C4B16C2E8360020452A /* UIKit.framework in Frameworks */,
				F3B30C4D16C2E8360020452A /* Foundation.framework in Frameworks */,
				F3B30C4F16C2E8360020452A /* CoreGraphics.framework in Frameworks */,
				F3CDEC0816CAB0FE00934E00 /* FacebookSDK.framework in Frameworks */,
			);
			runOnlyForDeploymentPostprocessing = 0;
		};
/* End PBXFrameworksBuildPhase section */

/* Begin PBXGroup section */
		F3B30C3B16C2E8360020452A = {
			isa = PBXGroup;
			children = (
				F3B30C5016C2E8360020452A /* friendRecognitionGame */,
				F3B30C4916C2E8360020452A /* Frameworks */,
				F3B30C4716C2E8360020452A /* Products */,
			);
			sourceTree = "<group>";
		};
		F3B30C4716C2E8360020452A /* Products */ = {
			isa = PBXGroup;
			children = (
				F3B30C4616C2E8360020452A /* friendRecognitionGame.app */,
			);
			name = Products;
			sourceTree = "<group>";
		};
		F3B30C4916C2E8360020452A /* Frameworks */ = {
			isa = PBXGroup;
			children = (
				F3CDEC0D16CAB1A900934E00 /* Accounts.framework */,
				F3CDEC0E16CAB1A900934E00 /* AdSupport.framework */,
				F3CDEC0F16CAB1A900934E00 /* Social.framework */,
				F3CDEC0916CAB15600934E00 /* FacebookSDKResources.bundle */,
				F3CDEC0A16CAB15600934E00 /* FBUserSettingsViewResources.bundle */,
				F3CDEC0716CAB0FE00934E00 /* FacebookSDK.framework */,
				F3B30C4A16C2E8360020452A /* UIKit.framework */,
				F3B30C4C16C2E8360020452A /* Foundation.framework */,
				F3B30C4E16C2E8360020452A /* CoreGraphics.framework */,
			);
			name = Frameworks;
			sourceTree = "<group>";
		};
		F3B30C5016C2E8360020452A /* friendRecognitionGame */ = {
			isa = PBXGroup;
			children = (
				F346A26916D3F7350079A959 /* FRGLoginViewController.h */,
				F346A26A16D3F7350079A959 /* FRGLoginViewController.m */,
				F3B30C5916C2E8360020452A /* FriendRecognitionGameAppDelegate.h */,
				F3B30C5A16C2E8360020452A /* FriendRecognitionGameAppDelegate.m */,
				F3B30C6216C2E8360020452A /* MainStoryboard.storyboard */,
				F354620516DD170800CEB191 /* GameWindow.h */,
				F354620616DD170800CEB191 /* GameWindow.m */,
				F38E007B16FCEAEA005345B1 /* FRGgameWindowWithTables.h */,
				F38E007C16FCEAEA005345B1 /* FRGgameWindowWithTables.m */,
				F38E007E16FCF847005345B1 /* SelectionTableViewController.h */,
				F38E007F16FCF847005345B1 /* SelectionTableViewController.m */,
				F35461F916D6919F00CEB191 /* FBDataController.h */,
				F35461FA16D6919F00CEB191 /* FBDataController.m */,
				F35461FD16D6945400CEB191 /* FRGLoggedInBaseViewController.h */,
				F35461FE16D6945400CEB191 /* FRGLoggedInBaseViewController.m */,
				F3E40D6116FB5DAD00FBAE84 /* ResultsObj.h */,
				F3E40D6216FB5DAD00FBAE84 /* ResultsObj.m */,
				F3B30C5116C2E8360020452A /* Supporting Files */,
			);
			path = friendRecognitionGame;
			sourceTree = "<group>";
		};
		F3B30C5116C2E8360020452A /* Supporting Files */ = {
			isa = PBXGroup;
			children = (
				F3B30C5216C2E8360020452A /* friendRecognitionGame-Info.plist */,
				F3B30C5316C2E8360020452A /* InfoPlist.strings */,
				F3B30C5616C2E8360020452A /* main.m */,
				F3B30C5816C2E8360020452A /* friendRecognitionGame-Prefix.pch */,
				F3B30C5C16C2E8360020452A /* Default.png */,
				F3B30C5E16C2E8360020452A /* Default@2x.png */,
				F3B30C6016C2E8360020452A /* Default-568h@2x.png */,
			);
			name = "Supporting Files";
			sourceTree = "<group>";
		};
/* End PBXGroup section */

/* Begin PBXNativeTarget section */
		F3B30C4516C2E8360020452A /* friendRecognitionGame */ = {
			isa = PBXNativeTarget;
			buildConfigurationList = F3B30C6D16C2E8360020452A /* Build configuration list for PBXNativeTarget "friendRecognitionGame" */;
			buildPhases = (
				F3B30C4216C2E8360020452A /* Sources */,
				F3B30C4316C2E8360020452A /* Frameworks */,
				F3B30C4416C2E8360020452A /* Resources */,
			);
			buildRules = (
			);
			dependencies = (
			);
			name = friendRecognitionGame;
			productName = friendRecognitionGame;
			productReference = F3B30C4616C2E8360020452A /* friendRecognitionGame.app */;
			productType = "com.apple.product-type.application";
		};
/* End PBXNativeTarget section */

/* Begin PBXProject section */
		F3B30C3D16C2E8360020452A /* Project object */ = {
			isa = PBXProject;
			attributes = {
				CLASSPREFIX = FriendRecognitionGame;
				LastUpgradeCheck = 0450;
				ORGANIZATIONNAME = Self;
			};
			buildConfigurationList = F3B30C4016C2E8360020452A /* Build configuration list for PBXProject "friendRecognitionGame" */;
			compatibilityVersion = "Xcode 3.2";
			developmentRegion = English;
			hasScannedForEncodings = 0;
			knownRegions = (
				en,
			);
			mainGroup = F3B30C3B16C2E8360020452A;
			productRefGroup = F3B30C4716C2E8360020452A /* Products */;
			projectDirPath = "";
			projectRoot = "";
			targets = (
				F3B30C4516C2E8360020452A /* friendRecognitionGame */,
			);
		};
/* End PBXProject section */

/* Begin PBXResourcesBuildPhase section */
		F3B30C4416C2E8360020452A /* Resources */ = {
			isa = PBXResourcesBuildPhase;
			buildActionMask = 2147483647;
			files = (
				F3B30C5516C2E8360020452A /* InfoPlist.strings in Resources */,
				F3B30C5D16C2E8360020452A /* Default.png in Resources */,
				F3B30C5F16C2E8360020452A /* Default@2x.png in Resources */,
				F3B30C6116C2E8360020452A /* Default-568h@2x.png in Resources */,
				F3B30C6416C2E8360020452A /* MainStoryboard.storyboard in Resources */,
				F3CDEC0B16CAB15600934E00 /* FacebookSDKResources.bundle in Resources */,
				F3CDEC0C16CAB15600934E00 /* FBUserSettingsViewResources.bundle in Resources */,
			);
			runOnlyForDeploymentPostprocessing = 0;
		};
/* End PBXResourcesBuildPhase section */

/* Begin PBXSourcesBuildPhase section */
		F3B30C4216C2E8360020452A /* Sources */ = {
			isa = PBXSourcesBuildPhase;
			buildActionMask = 2147483647;
			files = (
				F3B30C5716C2E8360020452A /* main.m in Sources */,
				F3B30C5B16C2E8360020452A /* FriendRecognitionGameAppDelegate.m in Sources */,
				F346A26B16D3F7350079A959 /* FRGLoginViewController.m in Sources */,
				F35461FB16D6919F00CEB191 /* FBDataController.m in Sources */,
				F35461FF16D6945400CEB191 /* FRGLoggedInBaseViewController.m in Sources */,
				F354620716DD170800CEB191 /* GameWindow.m in Sources */,
				F3E40D6316FB5DAD00FBAE84 /* ResultsObj.m in Sources */,
				F38E007D16FCEAEA005345B1 /* FRGgameWindowWithTables.m in Sources */,
				F38E008016FCF847005345B1 /* SelectionTableViewController.m in Sources */,
			);
			runOnlyForDeploymentPostprocessing = 0;
		};
/* End PBXSourcesBuildPhase section */

/* Begin PBXVariantGroup section */
		F3B30C5316C2E8360020452A /* InfoPlist.strings */ = {
			isa = PBXVariantGroup;
			children = (
				F3B30C5416C2E8360020452A /* en */,
			);
			name = InfoPlist.strings;
			sourceTree = "<group>";
		};
		F3B30C6216C2E8360020452A /* MainStoryboard.storyboard */ = {
			isa = PBXVariantGroup;
			children = (
				F3B30C6316C2E8360020452A /* en */,
			);
			name = MainStoryboard.storyboard;
			sourceTree = "<group>";
		};
/* End PBXVariantGroup section */

/* Begin XCBuildConfiguration section */
		F3B30C6B16C2E8360020452A /* Debug */ = {
			isa = XCBuildConfiguration;
			buildSettings = {
				ALWAYS_SEARCH_USER_PATHS = NO;
				CLANG_CXX_LANGUAGE_STANDARD = "gnu++0x";
				CLANG_CXX_LIBRARY = "libc++";
				CLANG_ENABLE_OBJC_ARC = YES;
				CLANG_WARN_EMPTY_BODY = YES;
				CLANG_WARN__DUPLICATE_METHOD_MATCH = YES;
				"CODE_SIGN_IDENTITY[sdk=iphoneos*]" = "iPhone Developer";
				COPY_PHASE_STRIP = NO;
				GCC_C_LANGUAGE_STANDARD = gnu99;
				GCC_DYNAMIC_NO_PIC = NO;
				GCC_OPTIMIZATION_LEVEL = 0;
				GCC_PREPROCESSOR_DEFINITIONS = (
					"DEBUG=1",
					"$(inherited)",
				);
				GCC_SYMBOLS_PRIVATE_EXTERN = NO;
				GCC_WARN_ABOUT_RETURN_TYPE = YES;
				GCC_WARN_UNINITIALIZED_AUTOS = YES;
				GCC_WARN_UNUSED_VARIABLE = YES;
				IPHONEOS_DEPLOYMENT_TARGET = 6.0;
				ONLY_ACTIVE_ARCH = YES;
				SDKROOT = iphoneos;
			};
			name = Debug;
		};
		F3B30C6C16C2E8360020452A /* Release */ = {
			isa = XCBuildConfiguration;
			buildSettings = {
				ALWAYS_SEARCH_USER_PATHS = NO;
				CLANG_CXX_LANGUAGE_STANDARD = "gnu++0x";
				CLANG_CXX_LIBRARY = "libc++";
				CLANG_ENABLE_OBJC_ARC = YES;
				CLANG_WARN_EMPTY_BODY = YES;
				CLANG_WARN__DUPLICATE_METHOD_MATCH = YES;
				"CODE_SIGN_IDENTITY[sdk=iphoneos*]" = "iPhone Developer";
				COPY_PHASE_STRIP = YES;
				GCC_C_LANGUAGE_STANDARD = gnu99;
				GCC_WARN_ABOUT_RETURN_TYPE = YES;
				GCC_WARN_UNINITIALIZED_AUTOS = YES;
				GCC_WARN_UNUSED_VARIABLE = YES;
				IPHONEOS_DEPLOYMENT_TARGET = 6.0;
				OTHER_CFLAGS = "-DNS_BLOCK_ASSERTIONS=1";
				SDKROOT = iphoneos;
				VALIDATE_PRODUCT = YES;
			};
			name = Release;
		};
		F3B30C6E16C2E8360020452A /* Debug */ = {
			isa = XCBuildConfiguration;
			buildSettings = {
				FRAMEWORK_SEARCH_PATHS = (
					"$(inherited)",
					"\"$(SRCROOT)/../../../Documents/FacebookSDK\"",
				);
				GCC_PRECOMPILE_PREFIX_HEADER = YES;
				GCC_PREFIX_HEADER = "friendRecognitionGame/friendRecognitionGame-Prefix.pch";
				INFOPLIST_FILE = "friendRecognitionGame/friendRecognitionGame-Info.plist";
				OTHER_LDFLAGS = "-lsqlite3.0";
				PRODUCT_NAME = "$(TARGET_NAME)";
				WRAPPER_EXTENSION = app;
			};
			name = Debug;
		};
		F3B30C6F16C2E8360020452A /* Release */ = {
			isa = XCBuildConfiguration;
			buildSettings = {
				FRAMEWORK_SEARCH_PATHS = (
					"$(inherited)",
					"\"$(SRCROOT)/../../../Documents/FacebookSDK\"",
				);
				GCC_PRECOMPILE_PREFIX_HEADER = YES;
				GCC_PREFIX_HEADER = "friendRecognitionGame/friendRecognitionGame-Prefix.pch";
				INFOPLIST_FILE = "friendRecognitionGame/friendRecognitionGame-Info.plist";
				OTHER_LDFLAGS = "-lsqlite3.0";
				PRODUCT_NAME = "$(TARGET_NAME)";
				WRAPPER_EXTENSION = app;
			};
			name = Release;
		};
/* End XCBuildConfiguration section */

/* Begin XCConfigurationList section */
		F3B30C4016C2E8360020452A /* Build configuration list for PBXProject "friendRecognitionGame" */ = {
			isa = XCConfigurationList;
			buildConfigurations = (
				F3B30C6B16C2E8360020452A /* Debug */,
				F3B30C6C16C2E8360020452A /* Release */,
			);
			defaultConfigurationIsVisible = 0;
			defaultConfigurationName = Release;
		};
		F3B30C6D16C2E8360020452A /* Build configuration list for PBXNativeTarget "friendRecognitionGame" */ = {
			isa = XCConfigurationList;
			buildConfigurations = (
				F3B30C6E16C2E8360020452A /* Debug */,
				F3B30C6F16C2E8360020452A /* Release */,
			);
			defaultConfigurationIsVisible = 0;
			defaultConfigurationName = Release;
		};
/* End XCConfigurationList section */
	};
	rootObject = F3B30C3D16C2E8360020452A /* Project object */;
}
